
Microsoft Visual Studio Solution File, Format Version 12.00
# Visual Studio Version 16
VisualStudioVersion = 16.0.29613.14
MinimumVisualStudioVersion = 10.0.40219.1
Project("{FAE04EC0-301F-11D3-BF4B-00C04F79EFBC}") = "AristotleHoneyComb", "AristotleHoneyComb\AristotleHoneyComb.csproj", "{AC1B34FB-5192-4ED6-ADB9-A5EC8954C6BE}"
EndProject
Global
	GlobalSection(SolutionConfigurationPlatforms) = preSolution
		Debug|Any CPU = Debug|Any CPU
		Release|Any CPU = Release|Any CPU
	EndGlobalSection
	GlobalSection(ProjectConfigurationPlatforms) = postSolution
		{AC1B34FB-5192-4ED6-ADB9-A5EC8954C6BE}.Debug|Any CPU.ActiveCfg = Debug|Any CPU
		{AC1B34FB-5192-4ED6-ADB9-A5EC8954C6BE}.Debug|Any CPU.Build.0 = Debug|Any CPU
		{AC1B34FB-5192-4ED6-ADB9-A5EC8954C6BE}.Release|Any CPU.ActiveCfg = Release|Any CPU
		{AC1B34FB-5192-4ED6-ADB9-A5EC8954C6BE}.Release|Any CPU.Build.0 = Release|Any CPU
	EndGlobalSection
	GlobalSection(SolutionProperties) = preSolution
		HideSolutionNode = FALSE
	EndGlobalSection
	GlobalSection(ExtensibilityGlobals) = postSolution
		SolutionGuid = {D2DF869D-A856-410D-A28A-9278F65B4D39}
	EndGlobalSection
EndGlobal
